
Microsoft Visual Studio Solution File, Format Version 12.00
# Visual Studio 15
VisualStudioVersion = 15.0.27703.2000
MinimumVisualStudioVersion = 10.0.40219.1
Project("{FAE04EC0-301F-11D3-BF4B-00C04F79EFBC}") = "SPXamarinAndroidPush", "SPXamarinAndroidPush\SPXamarinAndroidPush.csproj", "{B64D6E2C-2689-432F-95C9-959852A220E8}"
EndProject
Global
	GlobalSection(SolutionConfigurationPlatforms) = preSolution
		Debug|Any CPU = Debug|Any CPU
		Release|Any CPU = Release|Any CPU
	EndGlobalSection
	GlobalSection(ProjectConfigurationPlatforms) = postSolution
		{B64D6E2C-2689-432F-95C9-959852A220E8}.Debug|Any CPU.ActiveCfg = Debug|Any CPU
		{B64D6E2C-2689-432F-95C9-959852A220E8}.Debug|Any CPU.Build.0 = Debug|Any CPU
		{B64D6E2C-2689-432F-95C9-959852A220E8}.Debug|Any CPU.Deploy.0 = Debug|Any CPU
		{B64D6E2C-2689-432F-95C9-959852A220E8}.Release|Any CPU.ActiveCfg = Release|Any CPU
		{B64D6E2C-2689-432F-95C9-959852A220E8}.Release|Any CPU.Build.0 = Release|Any CPU
		{B64D6E2C-2689-432F-95C9-959852A220E8}.Release|Any CPU.Deploy.0 = Release|Any CPU
	EndGlobalSection
	GlobalSection(SolutionProperties) = preSolution
		HideSolutionNode = FALSE
	EndGlobalSection
	GlobalSection(ExtensibilityGlobals) = postSolution
		SolutionGuid = {850FCD67-4AA8-47A7-8A97-AFB4450F0717}
	EndGlobalSection
EndGlobal
