
Microsoft Visual Studio Solution File, Format Version 12.00
# Visual Studio 14
VisualStudioVersion = 14.0.24720.0
MinimumVisualStudioVersion = 10.0.40219.1
Project("{FAE04EC0-301F-11D3-BF4B-00C04F79EFBC}") = "ConsoleAppDemo", "ConsoleAppDemo\ConsoleAppDemo.csproj", "{DA5A41F3-A7EC-4613-BFE0-2E65BEE96CAA}"
EndProject
Global
	GlobalSection(SolutionConfigurationPlatforms) = preSolution
		Debug|Any CPU = Debug|Any CPU
		Release|Any CPU = Release|Any CPU
	EndGlobalSection
	GlobalSection(ProjectConfigurationPlatforms) = postSolution
		{DA5A41F3-A7EC-4613-BFE0-2E65BEE96CAA}.Debug|Any CPU.ActiveCfg = Debug|Any CPU
		{DA5A41F3-A7EC-4613-BFE0-2E65BEE96CAA}.Debug|Any CPU.Build.0 = Debug|Any CPU
		{DA5A41F3-A7EC-4613-BFE0-2E65BEE96CAA}.Release|Any CPU.ActiveCfg = Release|Any CPU
		{DA5A41F3-A7EC-4613-BFE0-2E65BEE96CAA}.Release|Any CPU.Build.0 = Release|Any CPU
	EndGlobalSection
	GlobalSection(SolutionProperties) = preSolution
		HideSolutionNode = FALSE
	EndGlobalSection
EndGlobal
